
Microsoft Visual Studio Solution File, Format Version 12.00
# Visual Studio Version 17
VisualStudioVersion = 17.3.32901.215
MinimumVisualStudioVersion = 10.0.40219.1
Project("{9A19103F-16F7-4668-BE54-9A1E7A4F7556}") = "MebelShop", "MebelShop\MebelShop.csproj", "{0297546C-9D52-4564-8B19-53F1B3AE6C4D}"
EndProject
Project("{FAE04EC0-301F-11D3-BF4B-00C04F79EFBC}") = "MebelShop.Data", "MebelShop.Data\MebelShop.Data.csproj", "{39D7225B-BDE9-45C8-AB40-DFD972239776}"
EndProject
Global
	GlobalSection(SolutionConfigurationPlatforms) = preSolution
		Debug|Any CPU = Debug|Any CPU
		Release|Any CPU = Release|Any CPU
	EndGlobalSection
	GlobalSection(ProjectConfigurationPlatforms) = postSolution
		{0297546C-9D52-4564-8B19-53F1B3AE6C4D}.Debug|Any CPU.ActiveCfg = Debug|Any CPU
		{0297546C-9D52-4564-8B19-53F1B3AE6C4D}.Debug|Any CPU.Build.0 = Debug|Any CPU
		{0297546C-9D52-4564-8B19-53F1B3AE6C4D}.Release|Any CPU.ActiveCfg = Release|Any CPU
		{0297546C-9D52-4564-8B19-53F1B3AE6C4D}.Release|Any CPU.Build.0 = Release|Any CPU
		{39D7225B-BDE9-45C8-AB40-DFD972239776}.Debug|Any CPU.ActiveCfg = Debug|Any CPU
		{39D7225B-BDE9-45C8-AB40-DFD972239776}.Debug|Any CPU.Build.0 = Debug|Any CPU
		{39D7225B-BDE9-45C8-AB40-DFD972239776}.Release|Any CPU.ActiveCfg = Release|Any CPU
		{39D7225B-BDE9-45C8-AB40-DFD972239776}.Release|Any CPU.Build.0 = Release|Any CPU
	EndGlobalSection
	GlobalSection(SolutionProperties) = preSolution
		HideSolutionNode = FALSE
	EndGlobalSection
	GlobalSection(ExtensibilityGlobals) = postSolution
		SolutionGuid = {3739E074-46C8-4F1C-ACC3-16D07DFF9A97}
	EndGlobalSection
EndGlobal
